// !$*UTF8*$!
{
	archiveVersion = 1;
	classes = {
	};
	objectVersion = 55;
	objects = {

/* Begin PBXBuildFile section */
		89171DB828C50C8A0032B5A5 /* CollectionViewCell.swift in Sources */ = {isa = PBXBuildFile; fileRef = 89171DB628C50C8A0032B5A5 /* CollectionViewCell.swift */; };
		89171DB928C50C8A0032B5A5 /* CollectionViewCell.xib in Resources */ = {isa = PBXBuildFile; fileRef = 89171DB728C50C8A0032B5A5 /* CollectionViewCell.xib */; };
		89171DBB28C515CD0032B5A5 /* HomePageVC.swift in Sources */ = {isa = PBXBuildFile; fileRef = 89171DBA28C515CD0032B5A5 /* HomePageVC.swift */; };
		89171DC228C587120032B5A5 /* NewCollectionVC.swift in Sources */ = {isa = PBXBuildFile; fileRef = 89171DC128C587120032B5A5 /* NewCollectionVC.swift */; };
		89171DC528C587940032B5A5 /* SubCategoriesCollectionViewCell.swift in Sources */ = {isa = PBXBuildFile; fileRef = 89171DC328C587940032B5A5 /* SubCategoriesCollectionViewCell.swift */; };
		89171DC628C587940032B5A5 /* SubCategoriesCollectionViewCell.xib in Resources */ = {isa = PBXBuildFile; fileRef = 89171DC428C587940032B5A5 /* SubCategoriesCollectionViewCell.xib */; };
		8971FA7628C3713800A9F2E2 /* ForegetPasswordVC.swift in Sources */ = {isa = PBXBuildFile; fileRef = 8971FA7528C3713800A9F2E2 /* ForegetPasswordVC.swift */; };
		8971FA7828C424B000A9F2E2 /* AddLayerExtension.swift in Sources */ = {isa = PBXBuildFile; fileRef = 8971FA7728C424B000A9F2E2 /* AddLayerExtension.swift */; };
		898AB9D028BDFE1F00C46250 /* AppDelegate.swift in Sources */ = {isa = PBXBuildFile; fileRef = 898AB9CF28BDFE1F00C46250 /* AppDelegate.swift */; };
		898AB9D228BDFE1F00C46250 /* SceneDelegate.swift in Sources */ = {isa = PBXBuildFile; fileRef = 898AB9D128BDFE1F00C46250 /* SceneDelegate.swift */; };
		898AB9D428BDFE1F00C46250 /* LoginVC.swift in Sources */ = {isa = PBXBuildFile; fileRef = 898AB9D328BDFE1F00C46250 /* LoginVC.swift */; };
		898AB9D728BDFE1F00C46250 /* Main.storyboard in Resources */ = {isa = PBXBuildFile; fileRef = 898AB9D528BDFE1F00C46250 /* Main.storyboard */; };
		898AB9D928BDFE2000C46250 /* Assets.xcassets in Resources */ = {isa = PBXBuildFile; fileRef = 898AB9D828BDFE2000C46250 /* Assets.xcassets */; };
		898AB9DC28BDFE2000C46250 /* LaunchScreen.storyboard in Resources */ = {isa = PBXBuildFile; fileRef = 898AB9DA28BDFE2000C46250 /* LaunchScreen.storyboard */; };
		89E73BC328C276DD00416808 /* SignUpVC.swift in Sources */ = {isa = PBXBuildFile; fileRef = 89E73BC228C276DD00416808 /* SignUpVC.swift */; };
/* End PBXBuildFile section */

/* Begin PBXFileReference section */
		89171DB628C50C8A0032B5A5 /* CollectionViewCell.swift */ = {isa = PBXFileReference; lastKnownFileType = sourcecode.swift; path = CollectionViewCell.swift; sourceTree = "<group>"; };
		89171DB728C50C8A0032B5A5 /* CollectionViewCell.xib */ = {isa = PBXFileReference; lastKnownFileType = file.xib; path = CollectionViewCell.xib; sourceTree = "<group>"; };
		89171DBA28C515CD0032B5A5 /* HomePageVC.swift */ = {isa = PBXFileReference; lastKnownFileType = sourcecode.swift; path = HomePageVC.swift; sourceTree = "<group>"; };
		89171DC128C587120032B5A5 /* NewCollectionVC.swift */ = {isa = PBXFileReference; lastKnownFileType = sourcecode.swift; path = NewCollectionVC.swift; sourceTree = "<group>"; };
		89171DC328C587940032B5A5 /* SubCategoriesCollectionViewCell.swift */ = {isa = PBXFileReference; lastKnownFileType = sourcecode.swift; path = SubCategoriesCollectionViewCell.swift; sourceTree = "<group>"; };
		89171DC428C587940032B5A5 /* SubCategoriesCollectionViewCell.xib */ = {isa = PBXFileReference; lastKnownFileType = file.xib; path = SubCategoriesCollectionViewCell.xib; sourceTree = "<group>"; };
		8971FA7528C3713800A9F2E2 /* ForegetPasswordVC.swift */ = {isa = PBXFileReference; lastKnownFileType = sourcecode.swift; path = ForegetPasswordVC.swift; sourceTree = "<group>"; };
		8971FA7728C424B000A9F2E2 /* AddLayerExtension.swift */ = {isa = PBXFileReference; lastKnownFileType = sourcecode.swift; path = AddLayerExtension.swift; sourceTree = "<group>"; };
		898AB9CC28BDFE1F00C46250 /* e_commerce_ios.app */ = {isa = PBXFileReference; explicitFileType = wrapper.application; includeInIndex = 0; path = e_commerce_ios.app; sourceTree = BUILT_PRODUCTS_DIR; };
		898AB9CF28BDFE1F00C46250 /* AppDelegate.swift */ = {isa = PBXFileReference; lastKnownFileType = sourcecode.swift; path = AppDelegate.swift; sourceTree = "<group>"; };
		898AB9D128BDFE1F00C46250 /* SceneDelegate.swift */ = {isa = PBXFileReference; lastKnownFileType = sourcecode.swift; path = SceneDelegate.swift; sourceTree = "<group>"; };
		898AB9D328BDFE1F00C46250 /* LoginVC.swift */ = {isa = PBXFileReference; lastKnownFileType = sourcecode.swift; path = LoginVC.swift; sourceTree = "<group>"; };
		898AB9D628BDFE1F00C46250 /* Base */ = {isa = PBXFileReference; lastKnownFileType = file.storyboard; name = Base; path = Base.lproj/Main.storyboard; sourceTree = "<group>"; };
		898AB9D828BDFE2000C46250 /* Assets.xcassets */ = {isa = PBXFileReference; lastKnownFileType = folder.assetcatalog; path = Assets.xcassets; sourceTree = "<group>"; };
		898AB9DB28BDFE2000C46250 /* Base */ = {isa = PBXFileReference; lastKnownFileType = file.storyboard; name = Base; path = Base.lproj/LaunchScreen.storyboard; sourceTree = "<group>"; };
		898AB9DD28BDFE2000C46250 /* Info.plist */ = {isa = PBXFileReference; lastKnownFileType = text.plist.xml; path = Info.plist; sourceTree = "<group>"; };
		89E73BC228C276DD00416808 /* SignUpVC.swift */ = {isa = PBXFileReference; lastKnownFileType = sourcecode.swift; path = SignUpVC.swift; sourceTree = "<group>"; };
/* End PBXFileReference section */

/* Begin PBXFrameworksBuildPhase section */
		898AB9C928BDFE1F00C46250 /* Frameworks */ = {
			isa = PBXFrameworksBuildPhase;
			buildActionMask = 2147483647;
			files = (
			);
			runOnlyForDeploymentPostprocessing = 0;
		};
/* End PBXFrameworksBuildPhase section */

/* Begin PBXGroup section */
		89171DBC28C569EA0032B5A5 /* TabBar */ = {
			isa = PBXGroup;
			children = (
				89171DBD28C56A090032B5A5 /* home page */,
				89171DBE28C572160032B5A5 /* New Collection */,
			);
			path = TabBar;
			sourceTree = "<group>";
		};
		89171DBD28C56A090032B5A5 /* home page */ = {
			isa = PBXGroup;
			children = (
				89171DBA28C515CD0032B5A5 /* HomePageVC.swift */,
				89171DBF28C572380032B5A5 /* Cell */,
			);
			path = "home page";
			sourceTree = "<group>";
		};
		89171DBE28C572160032B5A5 /* New Collection */ = {
			isa = PBXGroup;
			children = (
				89171DC128C587120032B5A5 /* NewCollectionVC.swift */,
				89171DC028C572520032B5A5 /* SubCategoriescell */,
			);
			path = "New Collection";
			sourceTree = "<group>";
		};
		89171DBF28C572380032B5A5 /* Cell */ = {
			isa = PBXGroup;
			children = (
				89171DB628C50C8A0032B5A5 /* CollectionViewCell.swift */,
				89171DB728C50C8A0032B5A5 /* CollectionViewCell.xib */,
			);
			path = Cell;
			sourceTree = "<group>";
		};
		89171DC028C572520032B5A5 /* SubCategoriescell */ = {
			isa = PBXGroup;
			children = (
				89171DC328C587940032B5A5 /* SubCategoriesCollectionViewCell.swift */,
				89171DC428C587940032B5A5 /* SubCategoriesCollectionViewCell.xib */,
			);
			path = SubCategoriescell;
			sourceTree = "<group>";
		};
		898AB9C328BDFE1F00C46250 = {
			isa = PBXGroup;
			children = (
				898AB9CE28BDFE1F00C46250 /* e_commerce_ios */,
				898AB9CD28BDFE1F00C46250 /* Products */,
			);
			sourceTree = "<group>";
		};
		898AB9CD28BDFE1F00C46250 /* Products */ = {
			isa = PBXGroup;
			children = (
				898AB9CC28BDFE1F00C46250 /* e_commerce_ios.app */,
			);
			name = Products;
			sourceTree = "<group>";
		};
		898AB9CE28BDFE1F00C46250 /* e_commerce_ios */ = {
			isa = PBXGroup;
			children = (
				898AB9CF28BDFE1F00C46250 /* AppDelegate.swift */,
				898AB9D128BDFE1F00C46250 /* SceneDelegate.swift */,
				89E73BC228C276DD00416808 /* SignUpVC.swift */,
				898AB9D328BDFE1F00C46250 /* LoginVC.swift */,
				8971FA7528C3713800A9F2E2 /* ForegetPasswordVC.swift */,
				8971FA7728C424B000A9F2E2 /* AddLayerExtension.swift */,
				898AB9D528BDFE1F00C46250 /* Main.storyboard */,
				898AB9D828BDFE2000C46250 /* Assets.xcassets */,
				898AB9DA28BDFE2000C46250 /* LaunchScreen.storyboard */,
				898AB9DD28BDFE2000C46250 /* Info.plist */,
				89171DBC28C569EA0032B5A5 /* TabBar */,
			);
			path = e_commerce_ios;
			sourceTree = "<group>";
		};
/* End PBXGroup section */

/* Begin PBXNativeTarget section */
		898AB9CB28BDFE1F00C46250 /* e_commerce_ios */ = {
			isa = PBXNativeTarget;
			buildConfigurationList = 898AB9E028BDFE2000C46250 /* Build configuration list for PBXNativeTarget "e_commerce_ios" */;
			buildPhases = (
				898AB9C828BDFE1F00C46250 /* Sources */,
				898AB9C928BDFE1F00C46250 /* Frameworks */,
				898AB9CA28BDFE1F00C46250 /* Resources */,
			);
			buildRules = (
			);
			dependencies = (
			);
			name = e_commerce_ios;
			productName = e_commerce_ios;
			productReference = 898AB9CC28BDFE1F00C46250 /* e_commerce_ios.app */;
			productType = "com.apple.product-type.application";
		};
/* End PBXNativeTarget section */

/* Begin PBXProject section */
		898AB9C428BDFE1F00C46250 /* Project object */ = {
			isa = PBXProject;
			attributes = {
				BuildIndependentTargetsInParallel = 1;
				LastSwiftUpdateCheck = 1340;
				LastUpgradeCheck = 1340;
				TargetAttributes = {
					898AB9CB28BDFE1F00C46250 = {
						CreatedOnToolsVersion = 13.4.1;
					};
				};
			};
			buildConfigurationList = 898AB9C728BDFE1F00C46250 /* Build configuration list for PBXProject "e_commerce_ios" */;
			compatibilityVersion = "Xcode 13.0";
			developmentRegion = en;
			hasScannedForEncodings = 0;
			knownRegions = (
				en,
				Base,
			);
			mainGroup = 898AB9C328BDFE1F00C46250;
			productRefGroup = 898AB9CD28BDFE1F00C46250 /* Products */;
			projectDirPath = "";
			projectRoot = "";
			targets = (
				898AB9CB28BDFE1F00C46250 /* e_commerce_ios */,
			);
		};
/* End PBXProject section */

/* Begin PBXResourcesBuildPhase section */
		898AB9CA28BDFE1F00C46250 /* Resources */ = {
			isa = PBXResourcesBuildPhase;
			buildActionMask = 2147483647;
			files = (
				898AB9DC28BDFE2000C46250 /* LaunchScreen.storyboard in Resources */,
				898AB9D928BDFE2000C46250 /* Assets.xcassets in Resources */,
				89171DC628C587940032B5A5 /* SubCategoriesCollectionViewCell.xib in Resources */,
				89171DB928C50C8A0032B5A5 /* CollectionViewCell.xib in Resources */,
				898AB9D728BDFE1F00C46250 /* Main.storyboard in Resources */,
			);
			runOnlyForDeploymentPostprocessing = 0;
		};
/* End PBXResourcesBuildPhase section */

/* Begin PBXSourcesBuildPhase section */
		898AB9C828BDFE1F00C46250 /* Sources */ = {
			isa = PBXSourcesBuildPhase;
			buildActionMask = 2147483647;
			files = (
				89E73BC328C276DD00416808 /* SignUpVC.swift in Sources */,
				8971FA7828C424B000A9F2E2 /* AddLayerExtension.swift in Sources */,
				89171DBB28C515CD0032B5A5 /* HomePageVC.swift in Sources */,
				898AB9D428BDFE1F00C46250 /* LoginVC.swift in Sources */,
				89171DC228C587120032B5A5 /* NewCollectionVC.swift in Sources */,
				89171DC528C587940032B5A5 /* SubCategoriesCollectionViewCell.swift in Sources */,
				89171DB828C50C8A0032B5A5 /* CollectionViewCell.swift in Sources */,
				898AB9D028BDFE1F00C46250 /* AppDelegate.swift in Sources */,
				8971FA7628C3713800A9F2E2 /* ForegetPasswordVC.swift in Sources */,
				898AB9D228BDFE1F00C46250 /* SceneDelegate.swift in Sources */,
			);
			runOnlyForDeploymentPostprocessing = 0;
		};
/* End PBXSourcesBuildPhase section */

/* Begin PBXVariantGroup section */
		898AB9D528BDFE1F00C46250 /* Main.storyboard */ = {
			isa = PBXVariantGroup;
			children = (
				898AB9D628BDFE1F00C46250 /* Base */,
			);
			name = Main.storyboard;
			sourceTree = "<group>";
		};
		898AB9DA28BDFE2000C46250 /* LaunchScreen.storyboard */ = {
			isa = PBXVariantGroup;
			children = (
				898AB9DB28BDFE2000C46250 /* Base */,
			);
			name = LaunchScreen.storyboard;
			sourceTree = "<group>";
		};
/* End PBXVariantGroup section */

/* Begin XCBuildConfiguration section */
		898AB9DE28BDFE2000C46250 /* Debug */ = {
			isa = XCBuildConfiguration;
			buildSettings = {
				ALWAYS_SEARCH_USER_PATHS = NO;
				CLANG_ANALYZER_NONNULL = YES;
				CLANG_ANALYZER_NUMBER_OBJECT_CONVERSION = YES_AGGRESSIVE;
				CLANG_CXX_LANGUAGE_STANDARD = "gnu++17";
				CLANG_ENABLE_MODULES = YES;
				CLANG_ENABLE_OBJC_ARC = YES;
				CLANG_ENABLE_OBJC_WEAK = YES;
				CLANG_WARN_BLOCK_CAPTURE_AUTORELEASING = YES;
				CLANG_WARN_BOOL_CONVERSION = YES;
				CLANG_WARN_COMMA = YES;
				CLANG_WARN_CONSTANT_CONVERSION = YES;
				CLANG_WARN_DEPRECATED_OBJC_IMPLEMENTATIONS = YES;
				CLANG_WARN_DIRECT_OBJC_ISA_USAGE = YES_ERROR;
				CLANG_WARN_DOCUMENTATION_COMMENTS = YES;
				CLANG_WARN_EMPTY_BODY = YES;
				CLANG_WARN_ENUM_CONVERSION = YES;
				CLANG_WARN_INFINITE_RECURSION = YES;
				CLANG_WARN_INT_CONVERSION = YES;
				CLANG_WARN_NON_LITERAL_NULL_CONVERSION = YES;
				CLANG_WARN_OBJC_IMPLICIT_RETAIN_SELF = YES;
				CLANG_WARN_OBJC_LITERAL_CONVERSION = YES;
				CLANG_WARN_OBJC_ROOT_CLASS = YES_ERROR;
				CLANG_WARN_QUOTED_INCLUDE_IN_FRAMEWORK_HEADER = YES;
				CLANG_WARN_RANGE_LOOP_ANALYSIS = YES;
				CLANG_WARN_STRICT_PROTOTYPES = YES;
				CLANG_WARN_SUSPICIOUS_MOVE = YES;
				CLANG_WARN_UNGUARDED_AVAILABILITY = YES_AGGRESSIVE;
				CLANG_WARN_UNREACHABLE_CODE = YES;
				CLANG_WARN__DUPLICATE_METHOD_MATCH = YES;
				COPY_PHASE_STRIP = NO;
				DEBUG_INFORMATION_FORMAT = dwarf;
				ENABLE_STRICT_OBJC_MSGSEND = YES;
				ENABLE_TESTABILITY = YES;
				GCC_C_LANGUAGE_STANDARD = gnu11;
				GCC_DYNAMIC_NO_PIC = NO;
				GCC_NO_COMMON_BLOCKS = YES;
				GCC_OPTIMIZATION_LEVEL = 0;
				GCC_PREPROCESSOR_DEFINITIONS = (
					"DEBUG=1",
					"$(inherited)",
				);
				GCC_WARN_64_TO_32_BIT_CONVERSION = YES;
				GCC_WARN_ABOUT_RETURN_TYPE = YES_ERROR;
				GCC_WARN_UNDECLARED_SELECTOR = YES;
				GCC_WARN_UNINITIALIZED_AUTOS = YES_AGGRESSIVE;
				GCC_WARN_UNUSED_FUNCTION = YES;
				GCC_WARN_UNUSED_VARIABLE = YES;
				IPHONEOS_DEPLOYMENT_TARGET = 13.0;
				MTL_ENABLE_DEBUG_INFO = INCLUDE_SOURCE;
				MTL_FAST_MATH = YES;
				ONLY_ACTIVE_ARCH = YES;
				SDKROOT = iphoneos;
				SWIFT_ACTIVE_COMPILATION_CONDITIONS = DEBUG;
				SWIFT_OPTIMIZATION_LEVEL = "-Onone";
			};
			name = Debug;
		};
		898AB9DF28BDFE2000C46250 /* Release */ = {
			isa = XCBuildConfiguration;
			buildSettings = {
				ALWAYS_SEARCH_USER_PATHS = NO;
				CLANG_ANALYZER_NONNULL = YES;
				CLANG_ANALYZER_NUMBER_OBJECT_CONVERSION = YES_AGGRESSIVE;
				CLANG_CXX_LANGUAGE_STANDARD = "gnu++17";
				CLANG_ENABLE_MODULES = YES;
				CLANG_ENABLE_OBJC_ARC = YES;
				CLANG_ENABLE_OBJC_WEAK = YES;
				CLANG_WARN_BLOCK_CAPTURE_AUTORELEASING = YES;
				CLANG_WARN_BOOL_CONVERSION = YES;
				CLANG_WARN_COMMA = YES;
				CLANG_WARN_CONSTANT_CONVERSION = YES;
				CLANG_WARN_DEPRECATED_OBJC_IMPLEMENTATIONS = YES;
				CLANG_WARN_DIRECT_OBJC_ISA_USAGE = YES_ERROR;
				CLANG_WARN_DOCUMENTATION_COMMENTS = YES;
				CLANG_WARN_EMPTY_BODY = YES;
				CLANG_WARN_ENUM_CONVERSION = YES;
				CLANG_WARN_INFINITE_RECURSION = YES;
				CLANG_WARN_INT_CONVERSION = YES;
				CLANG_WARN_NON_LITERAL_NULL_CONVERSION = YES;
				CLANG_WARN_OBJC_IMPLICIT_RETAIN_SELF = YES;
				CLANG_WARN_OBJC_LITERAL_CONVERSION = YES;
				CLANG_WARN_OBJC_ROOT_CLASS = YES_ERROR;
				CLANG_WARN_QUOTED_INCLUDE_IN_FRAMEWORK_HEADER = YES;
				CLANG_WARN_RANGE_LOOP_ANALYSIS = YES;
				CLANG_WARN_STRICT_PROTOTYPES = YES;
				CLANG_WARN_SUSPICIOUS_MOVE = YES;
				CLANG_WARN_UNGUARDED_AVAILABILITY = YES_AGGRESSIVE;
				CLANG_WARN_UNREACHABLE_CODE = YES;
				CLANG_WARN__DUPLICATE_METHOD_MATCH = YES;
				COPY_PHASE_STRIP = NO;
				DEBUG_INFORMATION_FORMAT = "dwarf-with-dsym";
				ENABLE_NS_ASSERTIONS = NO;
				ENABLE_STRICT_OBJC_MSGSEND = YES;
				GCC_C_LANGUAGE_STANDARD = gnu11;
				GCC_NO_COMMON_BLOCKS = YES;
				GCC_WARN_64_TO_32_BIT_CONVERSION = YES;
				GCC_WARN_ABOUT_RETURN_TYPE = YES_ERROR;
				GCC_WARN_UNDECLARED_SELECTOR = YES;
				GCC_WARN_UNINITIALIZED_AUTOS = YES_AGGRESSIVE;
				GCC_WARN_UNUSED_FUNCTION = YES;
				GCC_WARN_UNUSED_VARIABLE = YES;
				IPHONEOS_DEPLOYMENT_TARGET = 13.0;
				MTL_ENABLE_DEBUG_INFO = NO;
				MTL_FAST_MATH = YES;
				SDKROOT = iphoneos;
				SWIFT_COMPILATION_MODE = wholemodule;
				SWIFT_OPTIMIZATION_LEVEL = "-O";
				VALIDATE_PRODUCT = YES;
			};
			name = Release;
		};
		898AB9E128BDFE2000C46250 /* Debug */ = {
			isa = XCBuildConfiguration;
			buildSettings = {
				ASSETCATALOG_COMPILER_APPICON_NAME = AppIcon;
				ASSETCATALOG_COMPILER_GLOBAL_ACCENT_COLOR_NAME = AccentColor;
				CODE_SIGN_STYLE = Automatic;
				CURRENT_PROJECT_VERSION = 1;
				GENERATE_INFOPLIST_FILE = YES;
				INFOPLIST_FILE = e_commerce_ios/Info.plist;
				INFOPLIST_KEY_UIApplicationSupportsIndirectInputEvents = YES;
				INFOPLIST_KEY_UILaunchStoryboardName = LaunchScreen;
				INFOPLIST_KEY_UIMainStoryboardFile = Main;
				INFOPLIST_KEY_UISupportedInterfaceOrientations_iPad = "UIInterfaceOrientationPortrait UIInterfaceOrientationPortraitUpsideDown UIInterfaceOrientationLandscapeLeft UIInterfaceOrientationLandscapeRight";
				INFOPLIST_KEY_UISupportedInterfaceOrientations_iPhone = "UIInterfaceOrientationPortrait UIInterfaceOrientationLandscapeLeft UIInterfaceOrientationLandscapeRight";
				IPHONEOS_DEPLOYMENT_TARGET = 15.5;
				LD_RUNPATH_SEARCH_PATHS = (
					"$(inherited)",
					"@executable_path/Frameworks",
				);
				MARKETING_VERSION = 1.0;
				PRODUCT_BUNDLE_IDENTIFIER = "com.abdallah.e-commerce-ios";
				PRODUCT_NAME = "$(TARGET_NAME)";
				SWIFT_EMIT_LOC_STRINGS = YES;
				SWIFT_VERSION = 5.0;
				TARGETED_DEVICE_FAMILY = "1,2";
			};
			name = Debug;
		};
		898AB9E228BDFE2000C46250 /* Release */ = {
			isa = XCBuildConfiguration;
			buildSettings = {
				ASSETCATALOG_COMPILER_APPICON_NAME = AppIcon;
				ASSETCATALOG_COMPILER_GLOBAL_ACCENT_COLOR_NAME = AccentColor;
				CODE_SIGN_STYLE = Automatic;
				CURRENT_PROJECT_VERSION = 1;
				GENERATE_INFOPLIST_FILE = YES;
				INFOPLIST_FILE = e_commerce_ios/Info.plist;
				INFOPLIST_KEY_UIApplicationSupportsIndirectInputEvents = YES;
				INFOPLIST_KEY_UILaunchStoryboardName = LaunchScreen;
				INFOPLIST_KEY_UIMainStoryboardFile = Main;
				INFOPLIST_KEY_UISupportedInterfaceOrientations_iPad = "UIInterfaceOrientationPortrait UIInterfaceOrientationPortraitUpsideDown UIInterfaceOrientationLandscapeLeft UIInterfaceOrientationLandscapeRight";
				INFOPLIST_KEY_UISupportedInterfaceOrientations_iPhone = "UIInterfaceOrientationPortrait UIInterfaceOrientationLandscapeLeft UIInterfaceOrientationLandscapeRight";
				IPHONEOS_DEPLOYMENT_TARGET = 15.5;
				LD_RUNPATH_SEARCH_PATHS = (
					"$(inherited)",
					"@executable_path/Frameworks",
				);
				MARKETING_VERSION = 1.0;
				PRODUCT_BUNDLE_IDENTIFIER = "com.abdallah.e-commerce-ios";
				PRODUCT_NAME = "$(TARGET_NAME)";
				SWIFT_EMIT_LOC_STRINGS = YES;
				SWIFT_VERSION = 5.0;
				TARGETED_DEVICE_FAMILY = "1,2";
			};
			name = Release;
		};
/* End XCBuildConfiguration section */

/* Begin XCConfigurationList section */
		898AB9C728BDFE1F00C46250 /* Build configuration list for PBXProject "e_commerce_ios" */ = {
			isa = XCConfigurationList;
			buildConfigurations = (
				898AB9DE28BDFE2000C46250 /* Debug */,
				898AB9DF28BDFE2000C46250 /* Release */,
			);
			defaultConfigurationIsVisible = 0;
			defaultConfigurationName = Release;
		};
		898AB9E028BDFE2000C46250 /* Build configuration list for PBXNativeTarget "e_commerce_ios" */ = {
			isa = XCConfigurationList;
			buildConfigurations = (
				898AB9E128BDFE2000C46250 /* Debug */,
				898AB9E228BDFE2000C46250 /* Release */,
			);
			defaultConfigurationIsVisible = 0;
			defaultConfigurationName = Release;
		};
/* End XCConfigurationList section */
	};
	rootObject = 898AB9C428BDFE1F00C46250 /* Project object */;
}
